
Microsoft Visual Studio Solution File, Format Version 12.00
# Visual Studio Version 17
VisualStudioVersion = 17.0.31903.59
MinimumVisualStudioVersion = 10.0.40219.1
Project("{2150E333-8FDC-42A3-9474-1A3956D46DE8}") = "src", "src", "{827E0CD3-B72D-47B6-A68D-7590B98EB39B}"
EndProject
Project("{FAE04EC0-301F-11D3-BF4B-00C04F79EFBC}") = "ProxyDivert.Core", "src\ProxyDivert.Core\ProxyDivert.Core.csproj", "{6E91F5BD-C659-4622-B9C0-E53A2C68AA0F}"
EndProject
Project("{2150E333-8FDC-42A3-9474-1A3956D46DE8}") = "libs", "libs", "{6C4D298B-81FB-2B6B-5AB6-46205EDDC72C}"
EndProject
Project("{2150E333-8FDC-42A3-9474-1A3956D46DE8}") = "TqkLibrary.WinDivert", "TqkLibrary.WinDivert", "{5C4423A6-1B5D-1618-0FBE-D4F5ED32F1FA}"
EndProject
Project("{2150E333-8FDC-42A3-9474-1A3956D46DE8}") = "src", "src", "{47BF3AB0-D4B1-7B10-EC85-8482A2E24421}"
EndProject
Project("{FAE04EC0-301F-11D3-BF4B-00C04F79EFBC}") = "TqkLibrary.WinDivert", "libs\TqkLibrary.WinDivert\src\TqkLibrary.WinDivert\TqkLibrary.WinDivert.csproj", "{923710A9-8944-451E-B787-E47A971BF69B}"
EndProject
Project("{2150E333-8FDC-42A3-9474-1A3956D46DE8}") = "TqkLibrary.Proxy", "TqkLibrary.Proxy", "{B5E4F7D6-A090-B2FB-0B36-50F4CA8686ED}"
EndProject
Project("{2150E333-8FDC-42A3-9474-1A3956D46DE8}") = "src", "src", "{FCE7191B-A2F3-85EA-960E-FCC62A308BC6}"
EndProject
Project("{FAE04EC0-301F-11D3-BF4B-00C04F79EFBC}") = "TqkLibrary.Proxy", "libs\TqkLibrary.Proxy\src\TqkLibrary.Proxy\TqkLibrary.Proxy.csproj", "{22F4D368-B431-4D2B-BD3D-DA5A9486F27E}"
EndProject
Project("{FAE04EC0-301F-11D3-BF4B-00C04F79EFBC}") = "ProxyDivert.Wpf", "src\ProxyDivert.Wpf\ProxyDivert.Wpf.csproj", "{44BB52E5-EA8D-4DA9-9E25-2A07F7B5A8F8}"
EndProject
Project("{FAE04EC0-301F-11D3-BF4B-00C04F79EFBC}") = "ProxyDivert.Core.Tests", "src\ProxyDivert.Core.Tests\ProxyDivert.Core.Tests.csproj", "{F406C1BE-FEF3-4137-8227-8BE788CB78B3}"
EndProject
Project("{FAE04EC0-301F-11D3-BF4B-00C04F79EFBC}") = "ProxyDivert.Cli", "src\ProxyDivert.Cli\ProxyDivert.Cli.csproj", "{FC8B668C-53C4-4E27-8D6D-DE05A14A2BEF}"
EndProject
Project("{2150E333-8FDC-42A3-9474-1A3956D46DE8}") = "TqkLibrary.VpnClient", "TqkLibrary.VpnClient", "{69F64CA9-B487-B0A9-44E0-2CAF9FB0437F}"
EndProject
Project("{2150E333-8FDC-42A3-9474-1A3956D46DE8}") = "src", "src", "{3B45A6BC-E702-82A9-BA5B-D71303C3ADD7}"
EndProject
Project("{FAE04EC0-301F-11D3-BF4B-00C04F79EFBC}") = "TqkLibrary.VpnClient.Tunnels", "libs\TqkLibrary.VpnClient\src\TqkLibrary.VpnClient.Tunnels\TqkLibrary.VpnClient.Tunnels.csproj", "{E8FC7780-34A9-4E1B-8AEA-C4F683716AE9}"
EndProject
Project("{FAE04EC0-301F-11D3-BF4B-00C04F79EFBC}") = "TqkLibrary.VpnClient.Drivers.Sstp", "libs\TqkLibrary.VpnClient\src\TqkLibrary.VpnClient.Drivers.Sstp\TqkLibrary.VpnClient.Drivers.Sstp.csproj", "{F18612E0-2F5D-487A-A45B-AAA4C701BB25}"
EndProject
Project("{FAE04EC0-301F-11D3-BF4B-00C04F79EFBC}") = "TqkLibrary.VpnClient.Abstractions", "libs\TqkLibrary.VpnClient\src\TqkLibrary.VpnClient.Abstractions\TqkLibrary.VpnClient.Abstractions.csproj", "{F16B685D-E110-48F8-B68E-9956E4466193}"
EndProject
Project("{FAE04EC0-301F-11D3-BF4B-00C04F79EFBC}") = "TqkLibrary.VpnClient.Drivers.Core", "libs\TqkLibrary.VpnClient\src\TqkLibrary.VpnClient.Drivers.Core\TqkLibrary.VpnClient.Drivers.Core.csproj", "{D79A63CD-29FD-4DA0-B95E-9D7381C18ED3}"
EndProject
Project("{FAE04EC0-301F-11D3-BF4B-00C04F79EFBC}") = "TqkLibrary.VpnClient.Ppp", "libs\TqkLibrary.VpnClient\src\TqkLibrary.VpnClient.Ppp\TqkLibrary.VpnClient.Ppp.csproj", "{FFCBFA57-DFB0-4ADB-9AA6-7F6A2FF93E66}"
EndProject
Project("{FAE04EC0-301F-11D3-BF4B-00C04F79EFBC}") = "TqkLibrary.VpnClient.Crypto", "libs\TqkLibrary.VpnClient\src\TqkLibrary.VpnClient.Crypto\TqkLibrary.VpnClient.Crypto.csproj", "{EFF4F401-A5EC-45D1-8BA2-9ACAA9FD4EA9}"
EndProject
Project("{FAE04EC0-301F-11D3-BF4B-00C04F79EFBC}") = "TqkLibrary.VpnClient.Ethernet", "libs\TqkLibrary.VpnClient\src\TqkLibrary.VpnClient.Ethernet\TqkLibrary.VpnClient.Ethernet.csproj", "{EFAD5F8F-F0D3-43A4-8CD6-AC54BD2C152B}"
EndProject
Project("{FAE04EC0-301F-11D3-BF4B-00C04F79EFBC}") = "TqkLibrary.VpnClient.Transport.Tls", "libs\TqkLibrary.VpnClient\src\TqkLibrary.VpnClient.Transport.Tls\TqkLibrary.VpnClient.Transport.Tls.csproj", "{3532CBF3-31F5-4542-86F4-CC06C8D2E410}"
EndProject
Project("{FAE04EC0-301F-11D3-BF4B-00C04F79EFBC}") = "TqkLibrary.VpnClient.Transport.Tcp", "libs\TqkLibrary.VpnClient\src\TqkLibrary.VpnClient.Transport.Tcp\TqkLibrary.VpnClient.Transport.Tcp.csproj", "{C8435F73-6FD3-44F4-A25A-5BC1AA16D6CE}"
EndProject
Project("{FAE04EC0-301F-11D3-BF4B-00C04F79EFBC}") = "TqkLibrary.VpnClient.Drivers.L2tpIpsec", "libs\TqkLibrary.VpnClient\src\TqkLibrary.VpnClient.Drivers.L2tpIpsec\TqkLibrary.VpnClient.Drivers.L2tpIpsec.csproj", "{8559E401-9B7F-4698-9D85-BB8F32EC94B2}"
EndProject
Project("{FAE04EC0-301F-11D3-BF4B-00C04F79EFBC}") = "TqkLibrary.VpnClient.Ipsec", "libs\TqkLibrary.VpnClient\src\TqkLibrary.VpnClient.Ipsec\TqkLibrary.VpnClient.Ipsec.csproj", "{21DEB841-5DD3-4AF2-AFB0-1E8BEA5A1C77}"
EndProject
Project("{FAE04EC0-301F-11D3-BF4B-00C04F79EFBC}") = "TqkLibrary.VpnClient.L2tp", "libs\TqkLibrary.VpnClient\src\TqkLibrary.VpnClient.L2tp\TqkLibrary.VpnClient.L2tp.csproj", "{43CACCDA-2067-49FC-B7DD-6185C5C1FBAF}"
EndProject
Project("{FAE04EC0-301F-11D3-BF4B-00C04F79EFBC}") = "TqkLibrary.VpnClient.Drivers.Ikev2", "libs\TqkLibrary.VpnClient\src\TqkLibrary.VpnClient.Drivers.Ikev2\TqkLibrary.VpnClient.Drivers.Ikev2.csproj", "{40967D6C-C2A0-470F-9723-79DFDCCC31F2}"
EndProject
Project("{FAE04EC0-301F-11D3-BF4B-00C04F79EFBC}") = "TqkLibrary.VpnClient.Drivers.SoftEther", "libs\TqkLibrary.VpnClient\src\TqkLibrary.VpnClient.Drivers.SoftEther\TqkLibrary.VpnClient.Drivers.SoftEther.csproj", "{2E9939B3-9CBE-45D5-BA19-431FACE91007}"
EndProject
Project("{FAE04EC0-301F-11D3-BF4B-00C04F79EFBC}") = "TqkLibrary.VpnClient.SoftEther", "libs\TqkLibrary.VpnClient\src\TqkLibrary.VpnClient.SoftEther\TqkLibrary.VpnClient.SoftEther.csproj", "{1C900D2F-6BB0-4C25-8101-08C940414699}"
EndProject
Project("{FAE04EC0-301F-11D3-BF4B-00C04F79EFBC}") = "TqkLibrary.VpnClient.Drivers.OpenVpn", "libs\TqkLibrary.VpnClient\src\TqkLibrary.VpnClient.Drivers.OpenVpn\TqkLibrary.VpnClient.Drivers.OpenVpn.csproj", "{6B1F4476-BCDA-4315-ACD3-C0B2FD77C77B}"
EndProject
Project("{FAE04EC0-301F-11D3-BF4B-00C04F79EFBC}") = "TqkLibrary.VpnClient.OpenVpn", "libs\TqkLibrary.VpnClient\src\TqkLibrary.VpnClient.OpenVpn\TqkLibrary.VpnClient.OpenVpn.csproj", "{961E2679-2E54-42CA-A97D-5815145A0E36}"
EndProject
Project("{FAE04EC0-301F-11D3-BF4B-00C04F79EFBC}") = "TqkLibrary.VpnClient.Drivers.WireGuard", "libs\TqkLibrary.VpnClient\src\TqkLibrary.VpnClient.Drivers.WireGuard\TqkLibrary.VpnClient.Drivers.WireGuard.csproj", "{21B6845D-DD50-4BB0-B7C2-924E5BE8726A}"
EndProject
Project("{FAE04EC0-301F-11D3-BF4B-00C04F79EFBC}") = "TqkLibrary.VpnClient.WireGuard", "libs\TqkLibrary.VpnClient\src\TqkLibrary.VpnClient.WireGuard\TqkLibrary.VpnClient.WireGuard.csproj", "{8561CB65-3D6D-47A1-AD36-775748BE9D5B}"
EndProject
Project("{FAE04EC0-301F-11D3-BF4B-00C04F79EFBC}") = "TqkLibrary.VpnClient.IpStack", "libs\TqkLibrary.VpnClient\src\TqkLibrary.VpnClient.IpStack\TqkLibrary.VpnClient.IpStack.csproj", "{4C2F6D2C-D41F-47CB-B2CB-EDB6DB45CA59}"
EndProject
Project("{FAE04EC0-301F-11D3-BF4B-00C04F79EFBC}") = "TqkLibrary.VpnClient.Sockets", "libs\TqkLibrary.VpnClient\src\TqkLibrary.VpnClient.Sockets\TqkLibrary.VpnClient.Sockets.csproj", "{E80AE651-BFED-4FAC-BE9E-DD450C90EA66}"
EndProject
Project("{FAE04EC0-301F-11D3-BF4B-00C04F79EFBC}") = "TqkLibrary.WinDivert.Redirect", "libs\TqkLibrary.WinDivert\src\TqkLibrary.WinDivert.Redirect\TqkLibrary.WinDivert.Redirect.csproj", "{A79CF675-14B3-491D-8971-621477F90FC1}"
EndProject
Project("{FAE04EC0-301F-11D3-BF4B-00C04F79EFBC}") = "TqkLibrary.WinDivert.SecureDns", "libs\TqkLibrary.WinDivert\src\TqkLibrary.WinDivert.SecureDns\TqkLibrary.WinDivert.SecureDns.csproj", "{8951033E-9FC3-4C3B-ABA6-DC00B9BBE4BF}"
EndProject
Project("{FAE04EC0-301F-11D3-BF4B-00C04F79EFBC}") = "TqkLibrary.WinDivert.Inspection", "libs\TqkLibrary.WinDivert\src\TqkLibrary.WinDivert.Inspection\TqkLibrary.WinDivert.Inspection.csproj", "{4F8773E7-5BE3-465E-AE1D-50C2138D76B7}"
EndProject
Project("{FAE04EC0-301F-11D3-BF4B-00C04F79EFBC}") = "TqkLibrary.WinDivert.ProcessControl", "libs\TqkLibrary.WinDivert\src\TqkLibrary.WinDivert.ProcessControl\TqkLibrary.WinDivert.ProcessControl.csproj", "{B5B306F7-A842-4C6E-81C6-1EC60E683883}"
EndProject
Project("{FAE04EC0-301F-11D3-BF4B-00C04F79EFBC}") = "TqkLibrary.Proxy.Vpn.WireProxyCli", "libs\TqkLibrary.Proxy\src\TqkLibrary.Proxy.Vpn.WireProxyCli\TqkLibrary.Proxy.Vpn.WireProxyCli.csproj", "{851220C4-142E-428C-B8FB-64CD35D4ED89}"
EndProject
Global
	GlobalSection(SolutionConfigurationPlatforms) = preSolution
		Debug|Any CPU = Debug|Any CPU
		Debug|x64 = Debug|x64
		Debug|x86 = Debug|x86
		Release|Any CPU = Release|Any CPU
		Release|x64 = Release|x64
		Release|x86 = Release|x86
	EndGlobalSection
	GlobalSection(ProjectConfigurationPlatforms) = postSolution
		{6E91F5BD-C659-4622-B9C0-E53A2C68AA0F}.Debug|Any CPU.ActiveCfg = Debug|x64
		{6E91F5BD-C659-4622-B9C0-E53A2C68AA0F}.Debug|Any CPU.Build.0 = Debug|x64
		{6E91F5BD-C659-4622-B9C0-E53A2C68AA0F}.Debug|x64.ActiveCfg = Debug|x64
		{6E91F5BD-C659-4622-B9C0-E53A2C68AA0F}.Debug|x64.Build.0 = Debug|x64
		{6E91F5BD-C659-4622-B9C0-E53A2C68AA0F}.Debug|x86.ActiveCfg = Debug|x64
		{6E91F5BD-C659-4622-B9C0-E53A2C68AA0F}.Debug|x86.Build.0 = Debug|x64
		{6E91F5BD-C659-4622-B9C0-E53A2C68AA0F}.Release|Any CPU.ActiveCfg = Release|x64
		{6E91F5BD-C659-4622-B9C0-E53A2C68AA0F}.Release|Any CPU.Build.0 = Release|x64
		{6E91F5BD-C659-4622-B9C0-E53A2C68AA0F}.Release|x64.ActiveCfg = Release|x64
		{6E91F5BD-C659-4622-B9C0-E53A2C68AA0F}.Release|x64.Build.0 = Release|x64
		{6E91F5BD-C659-4622-B9C0-E53A2C68AA0F}.Release|x86.ActiveCfg = Release|x64
		{6E91F5BD-C659-4622-B9C0-E53A2C68AA0F}.Release|x86.Build.0 = Release|x64
		{923710A9-8944-451E-B787-E47A971BF69B}.Debug|Any CPU.ActiveCfg = Debug|Any CPU
		{923710A9-8944-451E-B787-E47A971BF69B}.Debug|Any CPU.Build.0 = Debug|Any CPU
		{923710A9-8944-451E-B787-E47A971BF69B}.Debug|x64.ActiveCfg = Debug|x64
		{923710A9-8944-451E-B787-E47A971BF69B}.Debug|x64.Build.0 = Debug|x64
		{923710A9-8944-451E-B787-E47A971BF69B}.Debug|x86.ActiveCfg = Debug|x86
		{923710A9-8944-451E-B787-E47A971BF69B}.Debug|x86.Build.0 = Debug|x86
		{923710A9-8944-451E-B787-E47A971BF69B}.Release|Any CPU.ActiveCfg = Release|Any CPU
		{923710A9-8944-451E-B787-E47A971BF69B}.Release|Any CPU.Build.0 = Release|Any CPU
		{923710A9-8944-451E-B787-E47A971BF69B}.Release|x64.ActiveCfg = Release|x64
		{923710A9-8944-451E-B787-E47A971BF69B}.Release|x64.Build.0 = Release|x64
		{923710A9-8944-451E-B787-E47A971BF69B}.Release|x86.ActiveCfg = Release|x86
		{923710A9-8944-451E-B787-E47A971BF69B}.Release|x86.Build.0 = Release|x86
		{22F4D368-B431-4D2B-BD3D-DA5A9486F27E}.Debug|Any CPU.ActiveCfg = Debug|Any CPU
		{22F4D368-B431-4D2B-BD3D-DA5A9486F27E}.Debug|Any CPU.Build.0 = Debug|Any CPU
		{22F4D368-B431-4D2B-BD3D-DA5A9486F27E}.Debug|x64.ActiveCfg = Debug|Any CPU
		{22F4D368-B431-4D2B-BD3D-DA5A9486F27E}.Debug|x64.Build.0 = Debug|Any CPU
		{22F4D368-B431-4D2B-BD3D-DA5A9486F27E}.Debug|x86.ActiveCfg = Debug|Any CPU
		{22F4D368-B431-4D2B-BD3D-DA5A9486F27E}.Debug|x86.Build.0 = Debug|Any CPU
		{22F4D368-B431-4D2B-BD3D-DA5A9486F27E}.Release|Any CPU.ActiveCfg = Release|Any CPU
		{22F4D368-B431-4D2B-BD3D-DA5A9486F27E}.Release|Any CPU.Build.0 = Release|Any CPU
		{22F4D368-B431-4D2B-BD3D-DA5A9486F27E}.Release|x64.ActiveCfg = Release|Any CPU
		{22F4D368-B431-4D2B-BD3D-DA5A9486F27E}.Release|x64.Build.0 = Release|Any CPU
		{22F4D368-B431-4D2B-BD3D-DA5A9486F27E}.Release|x86.ActiveCfg = Release|Any CPU
		{22F4D368-B431-4D2B-BD3D-DA5A9486F27E}.Release|x86.Build.0 = Release|Any CPU
		{44BB52E5-EA8D-4DA9-9E25-2A07F7B5A8F8}.Debug|Any CPU.ActiveCfg = Debug|x64
		{44BB52E5-EA8D-4DA9-9E25-2A07F7B5A8F8}.Debug|Any CPU.Build.0 = Debug|x64
		{44BB52E5-EA8D-4DA9-9E25-2A07F7B5A8F8}.Debug|x64.ActiveCfg = Debug|x64
		{44BB52E5-EA8D-4DA9-9E25-2A07F7B5A8F8}.Debug|x64.Build.0 = Debug|x64
		{44BB52E5-EA8D-4DA9-9E25-2A07F7B5A8F8}.Debug|x86.ActiveCfg = Debug|x64
		{44BB52E5-EA8D-4DA9-9E25-2A07F7B5A8F8}.Debug|x86.Build.0 = Debug|x64
		{44BB52E5-EA8D-4DA9-9E25-2A07F7B5A8F8}.Release|Any CPU.ActiveCfg = Release|x64
		{44BB52E5-EA8D-4DA9-9E25-2A07F7B5A8F8}.Release|Any CPU.Build.0 = Release|x64
		{44BB52E5-EA8D-4DA9-9E25-2A07F7B5A8F8}.Release|x64.ActiveCfg = Release|x64
		{44BB52E5-EA8D-4DA9-9E25-2A07F7B5A8F8}.Release|x64.Build.0 = Release|x64
		{44BB52E5-EA8D-4DA9-9E25-2A07F7B5A8F8}.Release|x86.ActiveCfg = Release|x64
		{44BB52E5-EA8D-4DA9-9E25-2A07F7B5A8F8}.Release|x86.Build.0 = Release|x64
		{F406C1BE-FEF3-4137-8227-8BE788CB78B3}.Debug|Any CPU.ActiveCfg = Debug|x64
		{F406C1BE-FEF3-4137-8227-8BE788CB78B3}.Debug|Any CPU.Build.0 = Debug|x64
		{F406C1BE-FEF3-4137-8227-8BE788CB78B3}.Debug|x64.ActiveCfg = Debug|x64
		{F406C1BE-FEF3-4137-8227-8BE788CB78B3}.Debug|x64.Build.0 = Debug|x64
		{F406C1BE-FEF3-4137-8227-8BE788CB78B3}.Debug|x86.ActiveCfg = Debug|x64
		{F406C1BE-FEF3-4137-8227-8BE788CB78B3}.Debug|x86.Build.0 = Debug|x64
		{F406C1BE-FEF3-4137-8227-8BE788CB78B3}.Release|Any CPU.ActiveCfg = Release|x64
		{F406C1BE-FEF3-4137-8227-8BE788CB78B3}.Release|Any CPU.Build.0 = Release|x64
		{F406C1BE-FEF3-4137-8227-8BE788CB78B3}.Release|x64.ActiveCfg = Release|x64
		{F406C1BE-FEF3-4137-8227-8BE788CB78B3}.Release|x64.Build.0 = Release|x64
		{F406C1BE-FEF3-4137-8227-8BE788CB78B3}.Release|x86.ActiveCfg = Release|x64
		{F406C1BE-FEF3-4137-8227-8BE788CB78B3}.Release|x86.Build.0 = Release|x64
		{FC8B668C-53C4-4E27-8D6D-DE05A14A2BEF}.Debug|Any CPU.ActiveCfg = Debug|x64
		{FC8B668C-53C4-4E27-8D6D-DE05A14A2BEF}.Debug|Any CPU.Build.0 = Debug|x64
		{FC8B668C-53C4-4E27-8D6D-DE05A14A2BEF}.Debug|x64.ActiveCfg = Debug|x64
		{FC8B668C-53C4-4E27-8D6D-DE05A14A2BEF}.Debug|x64.Build.0 = Debug|x64
		{FC8B668C-53C4-4E27-8D6D-DE05A14A2BEF}.Debug|x86.ActiveCfg = Debug|x64
		{FC8B668C-53C4-4E27-8D6D-DE05A14A2BEF}.Debug|x86.Build.0 = Debug|x64
		{FC8B668C-53C4-4E27-8D6D-DE05A14A2BEF}.Release|Any CPU.ActiveCfg = Release|x64
		{FC8B668C-53C4-4E27-8D6D-DE05A14A2BEF}.Release|Any CPU.Build.0 = Release|x64
		{FC8B668C-53C4-4E27-8D6D-DE05A14A2BEF}.Release|x64.ActiveCfg = Release|x64
		{FC8B668C-53C4-4E27-8D6D-DE05A14A2BEF}.Release|x64.Build.0 = Release|x64
		{FC8B668C-53C4-4E27-8D6D-DE05A14A2BEF}.Release|x86.ActiveCfg = Release|x64
		{FC8B668C-53C4-4E27-8D6D-DE05A14A2BEF}.Release|x86.Build.0 = Release|x64
		{E8FC7780-34A9-4E1B-8AEA-C4F683716AE9}.Debug|Any CPU.ActiveCfg = Debug|Any CPU
		{E8FC7780-34A9-4E1B-8AEA-C4F683716AE9}.Debug|Any CPU.Build.0 = Debug|Any CPU
		{E8FC7780-34A9-4E1B-8AEA-C4F683716AE9}.Debug|x64.ActiveCfg = Debug|Any CPU
		{E8FC7780-34A9-4E1B-8AEA-C4F683716AE9}.Debug|x64.Build.0 = Debug|Any CPU
		{E8FC7780-34A9-4E1B-8AEA-C4F683716AE9}.Debug|x86.ActiveCfg = Debug|Any CPU
		{E8FC7780-34A9-4E1B-8AEA-C4F683716AE9}.Debug|x86.Build.0 = Debug|Any CPU
		{E8FC7780-34A9-4E1B-8AEA-C4F683716AE9}.Release|Any CPU.ActiveCfg = Release|Any CPU
		{E8FC7780-34A9-4E1B-8AEA-C4F683716AE9}.Release|Any CPU.Build.0 = Release|Any CPU
		{E8FC7780-34A9-4E1B-8AEA-C4F683716AE9}.Release|x64.ActiveCfg = Release|Any CPU
		{E8FC7780-34A9-4E1B-8AEA-C4F683716AE9}.Release|x64.Build.0 = Release|Any CPU
		{E8FC7780-34A9-4E1B-8AEA-C4F683716AE9}.Release|x86.ActiveCfg = Release|Any CPU
		{E8FC7780-34A9-4E1B-8AEA-C4F683716AE9}.Release|x86.Build.0 = Release|Any CPU
		{F18612E0-2F5D-487A-A45B-AAA4C701BB25}.Debug|Any CPU.ActiveCfg = Debug|Any CPU
		{F18612E0-2F5D-487A-A45B-AAA4C701BB25}.Debug|Any CPU.Build.0 = Debug|Any CPU
		{F18612E0-2F5D-487A-A45B-AAA4C701BB25}.Debug|x64.ActiveCfg = Debug|Any CPU
		{F18612E0-2F5D-487A-A45B-AAA4C701BB25}.Debug|x64.Build.0 = Debug|Any CPU
		{F18612E0-2F5D-487A-A45B-AAA4C701BB25}.Debug|x86.ActiveCfg = Debug|Any CPU
		{F18612E0-2F5D-487A-A45B-AAA4C701BB25}.Debug|x86.Build.0 = Debug|Any CPU
		{F18612E0-2F5D-487A-A45B-AAA4C701BB25}.Release|Any CPU.ActiveCfg = Release|Any CPU
		{F18612E0-2F5D-487A-A45B-AAA4C701BB25}.Release|Any CPU.Build.0 = Release|Any CPU
		{F18612E0-2F5D-487A-A45B-AAA4C701BB25}.Release|x64.ActiveCfg = Release|Any CPU
		{F18612E0-2F5D-487A-A45B-AAA4C701BB25}.Release|x64.Build.0 = Release|Any CPU
		{F18612E0-2F5D-487A-A45B-AAA4C701BB25}.Release|x86.ActiveCfg = Release|Any CPU
		{F18612E0-2F5D-487A-A45B-AAA4C701BB25}.Release|x86.Build.0 = Release|Any CPU
		{F16B685D-E110-48F8-B68E-9956E4466193}.Debug|Any CPU.ActiveCfg = Debug|Any CPU
		{F16B685D-E110-48F8-B68E-9956E4466193}.Debug|Any CPU.Build.0 = Debug|Any CPU
		{F16B685D-E110-48F8-B68E-9956E4466193}.Debug|x64.ActiveCfg = Debug|Any CPU
		{F16B685D-E110-48F8-B68E-9956E4466193}.Debug|x64.Build.0 = Debug|Any CPU
		{F16B685D-E110-48F8-B68E-9956E4466193}.Debug|x86.ActiveCfg = Debug|Any CPU
		{F16B685D-E110-48F8-B68E-9956E4466193}.Debug|x86.Build.0 = Debug|Any CPU
		{F16B685D-E110-48F8-B68E-9956E4466193}.Release|Any CPU.ActiveCfg = Release|Any CPU
		{F16B685D-E110-48F8-B68E-9956E4466193}.Release|Any CPU.Build.0 = Release|Any CPU
		{F16B685D-E110-48F8-B68E-9956E4466193}.Release|x64.ActiveCfg = Release|Any CPU
		{F16B685D-E110-48F8-B68E-9956E4466193}.Release|x64.Build.0 = Release|Any CPU
		{F16B685D-E110-48F8-B68E-9956E4466193}.Release|x86.ActiveCfg = Release|Any CPU
		{F16B685D-E110-48F8-B68E-9956E4466193}.Release|x86.Build.0 = Release|Any CPU
		{D79A63CD-29FD-4DA0-B95E-9D7381C18ED3}.Debug|Any CPU.ActiveCfg = Debug|Any CPU
		{D79A63CD-29FD-4DA0-B95E-9D7381C18ED3}.Debug|Any CPU.Build.0 = Debug|Any CPU
		{D79A63CD-29FD-4DA0-B95E-9D7381C18ED3}.Debug|x64.ActiveCfg = Debug|Any CPU
		{D79A63CD-29FD-4DA0-B95E-9D7381C18ED3}.Debug|x64.Build.0 = Debug|Any CPU
		{D79A63CD-29FD-4DA0-B95E-9D7381C18ED3}.Debug|x86.ActiveCfg = Debug|Any CPU
		{D79A63CD-29FD-4DA0-B95E-9D7381C18ED3}.Debug|x86.Build.0 = Debug|Any CPU
		{D79A63CD-29FD-4DA0-B95E-9D7381C18ED3}.Release|Any CPU.ActiveCfg = Release|Any CPU
		{D79A63CD-29FD-4DA0-B95E-9D7381C18ED3}.Release|Any CPU.Build.0 = Release|Any CPU
		{D79A63CD-29FD-4DA0-B95E-9D7381C18ED3}.Release|x64.ActiveCfg = Release|Any CPU
		{D79A63CD-29FD-4DA0-B95E-9D7381C18ED3}.Release|x64.Build.0 = Release|Any CPU
		{D79A63CD-29FD-4DA0-B95E-9D7381C18ED3}.Release|x86.ActiveCfg = Release|Any CPU
		{D79A63CD-29FD-4DA0-B95E-9D7381C18ED3}.Release|x86.Build.0 = Release|Any CPU
		{FFCBFA57-DFB0-4ADB-9AA6-7F6A2FF93E66}.Debug|Any CPU.ActiveCfg = Debug|Any CPU
		{FFCBFA57-DFB0-4ADB-9AA6-7F6A2FF93E66}.Debug|Any CPU.Build.0 = Debug|Any CPU
		{FFCBFA57-DFB0-4ADB-9AA6-7F6A2FF93E66}.Debug|x64.ActiveCfg = Debug|Any CPU
		{FFCBFA57-DFB0-4ADB-9AA6-7F6A2FF93E66}.Debug|x64.Build.0 = Debug|Any CPU
		{FFCBFA57-DFB0-4ADB-9AA6-7F6A2FF93E66}.Debug|x86.ActiveCfg = Debug|Any CPU
		{FFCBFA57-DFB0-4ADB-9AA6-7F6A2FF93E66}.Debug|x86.Build.0 = Debug|Any CPU
		{FFCBFA57-DFB0-4ADB-9AA6-7F6A2FF93E66}.Release|Any CPU.ActiveCfg = Release|Any CPU
		{FFCBFA57-DFB0-4ADB-9AA6-7F6A2FF93E66}.Release|Any CPU.Build.0 = Release|Any CPU
		{FFCBFA57-DFB0-4ADB-9AA6-7F6A2FF93E66}.Release|x64.ActiveCfg = Release|Any CPU
		{FFCBFA57-DFB0-4ADB-9AA6-7F6A2FF93E66}.Release|x64.Build.0 = Release|Any CPU
		{FFCBFA57-DFB0-4ADB-9AA6-7F6A2FF93E66}.Release|x86.ActiveCfg = Release|Any CPU
		{FFCBFA57-DFB0-4ADB-9AA6-7F6A2FF93E66}.Release|x86.Build.0 = Release|Any CPU
		{EFF4F401-A5EC-45D1-8BA2-9ACAA9FD4EA9}.Debug|Any CPU.ActiveCfg = Debug|Any CPU
		{EFF4F401-A5EC-45D1-8BA2-9ACAA9FD4EA9}.Debug|Any CPU.Build.0 = Debug|Any CPU
		{EFF4F401-A5EC-45D1-8BA2-9ACAA9FD4EA9}.Debug|x64.ActiveCfg = Debug|Any CPU
		{EFF4F401-A5EC-45D1-8BA2-9ACAA9FD4EA9}.Debug|x64.Build.0 = Debug|Any CPU
		{EFF4F401-A5EC-45D1-8BA2-9ACAA9FD4EA9}.Debug|x86.ActiveCfg = Debug|Any CPU
		{EFF4F401-A5EC-45D1-8BA2-9ACAA9FD4EA9}.Debug|x86.Build.0 = Debug|Any CPU
		{EFF4F401-A5EC-45D1-8BA2-9ACAA9FD4EA9}.Release|Any CPU.ActiveCfg = Release|Any CPU
		{EFF4F401-A5EC-45D1-8BA2-9ACAA9FD4EA9}.Release|Any CPU.Build.0 = Release|Any CPU
		{EFF4F401-A5EC-45D1-8BA2-9ACAA9FD4EA9}.Release|x64.ActiveCfg = Release|Any CPU
		{EFF4F401-A5EC-45D1-8BA2-9ACAA9FD4EA9}.Release|x64.Build.0 = Release|Any CPU
		{EFF4F401-A5EC-45D1-8BA2-9ACAA9FD4EA9}.Release|x86.ActiveCfg = Release|Any CPU
		{EFF4F401-A5EC-45D1-8BA2-9ACAA9FD4EA9}.Release|x86.Build.0 = Release|Any CPU
		{EFAD5F8F-F0D3-43A4-8CD6-AC54BD2C152B}.Debug|Any CPU.ActiveCfg = Debug|Any CPU
		{EFAD5F8F-F0D3-43A4-8CD6-AC54BD2C152B}.Debug|Any CPU.Build.0 = Debug|Any CPU
		{EFAD5F8F-F0D3-43A4-8CD6-AC54BD2C152B}.Debug|x64.ActiveCfg = Debug|Any CPU
		{EFAD5F8F-F0D3-43A4-8CD6-AC54BD2C152B}.Debug|x64.Build.0 = Debug|Any CPU
		{EFAD5F8F-F0D3-43A4-8CD6-AC54BD2C152B}.Debug|x86.ActiveCfg = Debug|Any CPU
		{EFAD5F8F-F0D3-43A4-8CD6-AC54BD2C152B}.Debug|x86.Build.0 = Debug|Any CPU
		{EFAD5F8F-F0D3-43A4-8CD6-AC54BD2C152B}.Release|Any CPU.ActiveCfg = Release|Any CPU
		{EFAD5F8F-F0D3-43A4-8CD6-AC54BD2C152B}.Release|Any CPU.Build.0 = Release|Any CPU
		{EFAD5F8F-F0D3-43A4-8CD6-AC54BD2C152B}.Release|x64.ActiveCfg = Release|Any CPU
		{EFAD5F8F-F0D3-43A4-8CD6-AC54BD2C152B}.Release|x64.Build.0 = Release|Any CPU
		{EFAD5F8F-F0D3-43A4-8CD6-AC54BD2C152B}.Release|x86.ActiveCfg = Release|Any CPU
		{EFAD5F8F-F0D3-43A4-8CD6-AC54BD2C152B}.Release|x86.Build.0 = Release|Any CPU
		{3532CBF3-31F5-4542-86F4-CC06C8D2E410}.Debug|Any CPU.ActiveCfg = Debug|Any CPU
		{3532CBF3-31F5-4542-86F4-CC06C8D2E410}.Debug|Any CPU.Build.0 = Debug|Any CPU
		{3532CBF3-31F5-4542-86F4-CC06C8D2E410}.Debug|x64.ActiveCfg = Debug|Any CPU
		{3532CBF3-31F5-4542-86F4-CC06C8D2E410}.Debug|x64.Build.0 = Debug|Any CPU
		{3532CBF3-31F5-4542-86F4-CC06C8D2E410}.Debug|x86.ActiveCfg = Debug|Any CPU
		{3532CBF3-31F5-4542-86F4-CC06C8D2E410}.Debug|x86.Build.0 = Debug|Any CPU
		{3532CBF3-31F5-4542-86F4-CC06C8D2E410}.Release|Any CPU.ActiveCfg = Release|Any CPU
		{3532CBF3-31F5-4542-86F4-CC06C8D2E410}.Release|Any CPU.Build.0 = Release|Any CPU
		{3532CBF3-31F5-4542-86F4-CC06C8D2E410}.Release|x64.ActiveCfg = Release|Any CPU
		{3532CBF3-31F5-4542-86F4-CC06C8D2E410}.Release|x64.Build.0 = Release|Any CPU
		{3532CBF3-31F5-4542-86F4-CC06C8D2E410}.Release|x86.ActiveCfg = Release|Any CPU
		{3532CBF3-31F5-4542-86F4-CC06C8D2E410}.Release|x86.Build.0 = Release|Any CPU
		{C8435F73-6FD3-44F4-A25A-5BC1AA16D6CE}.Debug|Any CPU.ActiveCfg = Debug|Any CPU
		{C8435F73-6FD3-44F4-A25A-5BC1AA16D6CE}.Debug|Any CPU.Build.0 = Debug|Any CPU
		{C8435F73-6FD3-44F4-A25A-5BC1AA16D6CE}.Debug|x64.ActiveCfg = Debug|Any CPU
		{C8435F73-6FD3-44F4-A25A-5BC1AA16D6CE}.Debug|x64.Build.0 = Debug|Any CPU
		{C8435F73-6FD3-44F4-A25A-5BC1AA16D6CE}.Debug|x86.ActiveCfg = Debug|Any CPU
		{C8435F73-6FD3-44F4-A25A-5BC1AA16D6CE}.Debug|x86.Build.0 = Debug|Any CPU
		{C8435F73-6FD3-44F4-A25A-5BC1AA16D6CE}.Release|Any CPU.ActiveCfg = Release|Any CPU
		{C8435F73-6FD3-44F4-A25A-5BC1AA16D6CE}.Release|Any CPU.Build.0 = Release|Any CPU
		{C8435F73-6FD3-44F4-A25A-5BC1AA16D6CE}.Release|x64.ActiveCfg = Release|Any CPU
		{C8435F73-6FD3-44F4-A25A-5BC1AA16D6CE}.Release|x64.Build.0 = Release|Any CPU
		{C8435F73-6FD3-44F4-A25A-5BC1AA16D6CE}.Release|x86.ActiveCfg = Release|Any CPU
		{C8435F73-6FD3-44F4-A25A-5BC1AA16D6CE}.Release|x86.Build.0 = Release|Any CPU
		{8559E401-9B7F-4698-9D85-BB8F32EC94B2}.Debug|Any CPU.ActiveCfg = Debug|Any CPU
		{8559E401-9B7F-4698-9D85-BB8F32EC94B2}.Debug|Any CPU.Build.0 = Debug|Any CPU
		{8559E401-9B7F-4698-9D85-BB8F32EC94B2}.Debug|x64.ActiveCfg = Debug|Any CPU
		{8559E401-9B7F-4698-9D85-BB8F32EC94B2}.Debug|x64.Build.0 = Debug|Any CPU
		{8559E401-9B7F-4698-9D85-BB8F32EC94B2}.Debug|x86.ActiveCfg = Debug|Any CPU
		{8559E401-9B7F-4698-9D85-BB8F32EC94B2}.Debug|x86.Build.0 = Debug|Any CPU
		{8559E401-9B7F-4698-9D85-BB8F32EC94B2}.Release|Any CPU.ActiveCfg = Release|Any CPU
		{8559E401-9B7F-4698-9D85-BB8F32EC94B2}.Release|Any CPU.Build.0 = Release|Any CPU
		{8559E401-9B7F-4698-9D85-BB8F32EC94B2}.Release|x64.ActiveCfg = Release|Any CPU
		{8559E401-9B7F-4698-9D85-BB8F32EC94B2}.Release|x64.Build.0 = Release|Any CPU
		{8559E401-9B7F-4698-9D85-BB8F32EC94B2}.Release|x86.ActiveCfg = Release|Any CPU
		{8559E401-9B7F-4698-9D85-BB8F32EC94B2}.Release|x86.Build.0 = Release|Any CPU
		{21DEB841-5DD3-4AF2-AFB0-1E8BEA5A1C77}.Debug|Any CPU.ActiveCfg = Debug|Any CPU
		{21DEB841-5DD3-4AF2-AFB0-1E8BEA5A1C77}.Debug|Any CPU.Build.0 = Debug|Any CPU
		{21DEB841-5DD3-4AF2-AFB0-1E8BEA5A1C77}.Debug|x64.ActiveCfg = Debug|Any CPU
		{21DEB841-5DD3-4AF2-AFB0-1E8BEA5A1C77}.Debug|x64.Build.0 = Debug|Any CPU
		{21DEB841-5DD3-4AF2-AFB0-1E8BEA5A1C77}.Debug|x86.ActiveCfg = Debug|Any CPU
		{21DEB841-5DD3-4AF2-AFB0-1E8BEA5A1C77}.Debug|x86.Build.0 = Debug|Any CPU
		{21DEB841-5DD3-4AF2-AFB0-1E8BEA5A1C77}.Release|Any CPU.ActiveCfg = Release|Any CPU
		{21DEB841-5DD3-4AF2-AFB0-1E8BEA5A1C77}.Release|Any CPU.Build.0 = Release|Any CPU
		{21DEB841-5DD3-4AF2-AFB0-1E8BEA5A1C77}.Release|x64.ActiveCfg = Release|Any CPU
		{21DEB841-5DD3-4AF2-AFB0-1E8BEA5A1C77}.Release|x64.Build.0 = Release|Any CPU
		{21DEB841-5DD3-4AF2-AFB0-1E8BEA5A1C77}.Release|x86.ActiveCfg = Release|Any CPU
		{21DEB841-5DD3-4AF2-AFB0-1E8BEA5A1C77}.Release|x86.Build.0 = Release|Any CPU
		{43CACCDA-2067-49FC-B7DD-6185C5C1FBAF}.Debug|Any CPU.ActiveCfg = Debug|Any CPU
		{43CACCDA-2067-49FC-B7DD-6185C5C1FBAF}.Debug|Any CPU.Build.0 = Debug|Any CPU
		{43CACCDA-2067-49FC-B7DD-6185C5C1FBAF}.Debug|x64.ActiveCfg = Debug|Any CPU
		{43CACCDA-2067-49FC-B7DD-6185C5C1FBAF}.Debug|x64.Build.0 = Debug|Any CPU
		{43CACCDA-2067-49FC-B7DD-6185C5C1FBAF}.Debug|x86.ActiveCfg = Debug|Any CPU
		{43CACCDA-2067-49FC-B7DD-6185C5C1FBAF}.Debug|x86.Build.0 = Debug|Any CPU
		{43CACCDA-2067-49FC-B7DD-6185C5C1FBAF}.Release|Any CPU.ActiveCfg = Release|Any CPU
		{43CACCDA-2067-49FC-B7DD-6185C5C1FBAF}.Release|Any CPU.Build.0 = Release|Any CPU
		{43CACCDA-2067-49FC-B7DD-6185C5C1FBAF}.Release|x64.ActiveCfg = Release|Any CPU
		{43CACCDA-2067-49FC-B7DD-6185C5C1FBAF}.Release|x64.Build.0 = Release|Any CPU
		{43CACCDA-2067-49FC-B7DD-6185C5C1FBAF}.Release|x86.ActiveCfg = Release|Any CPU
		{43CACCDA-2067-49FC-B7DD-6185C5C1FBAF}.Release|x86.Build.0 = Release|Any CPU
		{40967D6C-C2A0-470F-9723-79DFDCCC31F2}.Debug|Any CPU.ActiveCfg = Debug|Any CPU
		{40967D6C-C2A0-470F-9723-79DFDCCC31F2}.Debug|Any CPU.Build.0 = Debug|Any CPU
		{40967D6C-C2A0-470F-9723-79DFDCCC31F2}.Debug|x64.ActiveCfg = Debug|Any CPU
		{40967D6C-C2A0-470F-9723-79DFDCCC31F2}.Debug|x64.Build.0 = Debug|Any CPU
		{40967D6C-C2A0-470F-9723-79DFDCCC31F2}.Debug|x86.ActiveCfg = Debug|Any CPU
		{40967D6C-C2A0-470F-9723-79DFDCCC31F2}.Debug|x86.Build.0 = Debug|Any CPU
		{40967D6C-C2A0-470F-9723-79DFDCCC31F2}.Release|Any CPU.ActiveCfg = Release|Any CPU
		{40967D6C-C2A0-470F-9723-79DFDCCC31F2}.Release|Any CPU.Build.0 = Release|Any CPU
		{40967D6C-C2A0-470F-9723-79DFDCCC31F2}.Release|x64.ActiveCfg = Release|Any CPU
		{40967D6C-C2A0-470F-9723-79DFDCCC31F2}.Release|x64.Build.0 = Release|Any CPU
		{40967D6C-C2A0-470F-9723-79DFDCCC31F2}.Release|x86.ActiveCfg = Release|Any CPU
		{40967D6C-C2A0-470F-9723-79DFDCCC31F2}.Release|x86.Build.0 = Release|Any CPU
		{2E9939B3-9CBE-45D5-BA19-431FACE91007}.Debug|Any CPU.ActiveCfg = Debug|Any CPU
		{2E9939B3-9CBE-45D5-BA19-431FACE91007}.Debug|Any CPU.Build.0 = Debug|Any CPU
		{2E9939B3-9CBE-45D5-BA19-431FACE91007}.Debug|x64.ActiveCfg = Debug|Any CPU
		{2E9939B3-9CBE-45D5-BA19-431FACE91007}.Debug|x64.Build.0 = Debug|Any CPU
		{2E9939B3-9CBE-45D5-BA19-431FACE91007}.Debug|x86.ActiveCfg = Debug|Any CPU
		{2E9939B3-9CBE-45D5-BA19-431FACE91007}.Debug|x86.Build.0 = Debug|Any CPU
		{2E9939B3-9CBE-45D5-BA19-431FACE91007}.Release|Any CPU.ActiveCfg = Release|Any CPU
		{2E9939B3-9CBE-45D5-BA19-431FACE91007}.Release|Any CPU.Build.0 = Release|Any CPU
		{2E9939B3-9CBE-45D5-BA19-431FACE91007}.Release|x64.ActiveCfg = Release|Any CPU
		{2E9939B3-9CBE-45D5-BA19-431FACE91007}.Release|x64.Build.0 = Release|Any CPU
		{2E9939B3-9CBE-45D5-BA19-431FACE91007}.Release|x86.ActiveCfg = Release|Any CPU
		{2E9939B3-9CBE-45D5-BA19-431FACE91007}.Release|x86.Build.0 = Release|Any CPU
		{1C900D2F-6BB0-4C25-8101-08C940414699}.Debug|Any CPU.ActiveCfg = Debug|Any CPU
		{1C900D2F-6BB0-4C25-8101-08C940414699}.Debug|Any CPU.Build.0 = Debug|Any CPU
		{1C900D2F-6BB0-4C25-8101-08C940414699}.Debug|x64.ActiveCfg = Debug|Any CPU
		{1C900D2F-6BB0-4C25-8101-08C940414699}.Debug|x64.Build.0 = Debug|Any CPU
		{1C900D2F-6BB0-4C25-8101-08C940414699}.Debug|x86.ActiveCfg = Debug|Any CPU
		{1C900D2F-6BB0-4C25-8101-08C940414699}.Debug|x86.Build.0 = Debug|Any CPU
		{1C900D2F-6BB0-4C25-8101-08C940414699}.Release|Any CPU.ActiveCfg = Release|Any CPU
		{1C900D2F-6BB0-4C25-8101-08C940414699}.Release|Any CPU.Build.0 = Release|Any CPU
		{1C900D2F-6BB0-4C25-8101-08C940414699}.Release|x64.ActiveCfg = Release|Any CPU
		{1C900D2F-6BB0-4C25-8101-08C940414699}.Release|x64.Build.0 = Release|Any CPU
		{1C900D2F-6BB0-4C25-8101-08C940414699}.Release|x86.ActiveCfg = Release|Any CPU
		{1C900D2F-6BB0-4C25-8101-08C940414699}.Release|x86.Build.0 = Release|Any CPU
		{6B1F4476-BCDA-4315-ACD3-C0B2FD77C77B}.Debug|Any CPU.ActiveCfg = Debug|Any CPU
		{6B1F4476-BCDA-4315-ACD3-C0B2FD77C77B}.Debug|Any CPU.Build.0 = Debug|Any CPU
		{6B1F4476-BCDA-4315-ACD3-C0B2FD77C77B}.Debug|x64.ActiveCfg = Debug|Any CPU
		{6B1F4476-BCDA-4315-ACD3-C0B2FD77C77B}.Debug|x64.Build.0 = Debug|Any CPU
		{6B1F4476-BCDA-4315-ACD3-C0B2FD77C77B}.Debug|x86.ActiveCfg = Debug|Any CPU
		{6B1F4476-BCDA-4315-ACD3-C0B2FD77C77B}.Debug|x86.Build.0 = Debug|Any CPU
		{6B1F4476-BCDA-4315-ACD3-C0B2FD77C77B}.Release|Any CPU.ActiveCfg = Release|Any CPU
		{6B1F4476-BCDA-4315-ACD3-C0B2FD77C77B}.Release|Any CPU.Build.0 = Release|Any CPU
		{6B1F4476-BCDA-4315-ACD3-C0B2FD77C77B}.Release|x64.ActiveCfg = Release|Any CPU
		{6B1F4476-BCDA-4315-ACD3-C0B2FD77C77B}.Release|x64.Build.0 = Release|Any CPU
		{6B1F4476-BCDA-4315-ACD3-C0B2FD77C77B}.Release|x86.ActiveCfg = Release|Any CPU
		{6B1F4476-BCDA-4315-ACD3-C0B2FD77C77B}.Release|x86.Build.0 = Release|Any CPU
		{961E2679-2E54-42CA-A97D-5815145A0E36}.Debug|Any CPU.ActiveCfg = Debug|Any CPU
		{961E2679-2E54-42CA-A97D-5815145A0E36}.Debug|Any CPU.Build.0 = Debug|Any CPU
		{961E2679-2E54-42CA-A97D-5815145A0E36}.Debug|x64.ActiveCfg = Debug|Any CPU
		{961E2679-2E54-42CA-A97D-5815145A0E36}.Debug|x64.Build.0 = Debug|Any CPU
		{961E2679-2E54-42CA-A97D-5815145A0E36}.Debug|x86.ActiveCfg = Debug|Any CPU
		{961E2679-2E54-42CA-A97D-5815145A0E36}.Debug|x86.Build.0 = Debug|Any CPU
		{961E2679-2E54-42CA-A97D-5815145A0E36}.Release|Any CPU.ActiveCfg = Release|Any CPU
		{961E2679-2E54-42CA-A97D-5815145A0E36}.Release|Any CPU.Build.0 = Release|Any CPU
		{961E2679-2E54-42CA-A97D-5815145A0E36}.Release|x64.ActiveCfg = Release|Any CPU
		{961E2679-2E54-42CA-A97D-5815145A0E36}.Release|x64.Build.0 = Release|Any CPU
		{961E2679-2E54-42CA-A97D-5815145A0E36}.Release|x86.ActiveCfg = Release|Any CPU
		{961E2679-2E54-42CA-A97D-5815145A0E36}.Release|x86.Build.0 = Release|Any CPU
		{21B6845D-DD50-4BB0-B7C2-924E5BE8726A}.Debug|Any CPU.ActiveCfg = Debug|Any CPU
		{21B6845D-DD50-4BB0-B7C2-924E5BE8726A}.Debug|Any CPU.Build.0 = Debug|Any CPU
		{21B6845D-DD50-4BB0-B7C2-924E5BE8726A}.Debug|x64.ActiveCfg = Debug|Any CPU
		{21B6845D-DD50-4BB0-B7C2-924E5BE8726A}.Debug|x64.Build.0 = Debug|Any CPU
		{21B6845D-DD50-4BB0-B7C2-924E5BE8726A}.Debug|x86.ActiveCfg = Debug|Any CPU
		{21B6845D-DD50-4BB0-B7C2-924E5BE8726A}.Debug|x86.Build.0 = Debug|Any CPU
		{21B6845D-DD50-4BB0-B7C2-924E5BE8726A}.Release|Any CPU.ActiveCfg = Release|Any CPU
		{21B6845D-DD50-4BB0-B7C2-924E5BE8726A}.Release|Any CPU.Build.0 = Release|Any CPU
		{21B6845D-DD50-4BB0-B7C2-924E5BE8726A}.Release|x64.ActiveCfg = Release|Any CPU
		{21B6845D-DD50-4BB0-B7C2-924E5BE8726A}.Release|x64.Build.0 = Release|Any CPU
		{21B6845D-DD50-4BB0-B7C2-924E5BE8726A}.Release|x86.ActiveCfg = Release|Any CPU
		{21B6845D-DD50-4BB0-B7C2-924E5BE8726A}.Release|x86.Build.0 = Release|Any CPU
		{8561CB65-3D6D-47A1-AD36-775748BE9D5B}.Debug|Any CPU.ActiveCfg = Debug|Any CPU
		{8561CB65-3D6D-47A1-AD36-775748BE9D5B}.Debug|Any CPU.Build.0 = Debug|Any CPU
		{8561CB65-3D6D-47A1-AD36-775748BE9D5B}.Debug|x64.ActiveCfg = Debug|Any CPU
		{8561CB65-3D6D-47A1-AD36-775748BE9D5B}.Debug|x64.Build.0 = Debug|Any CPU
		{8561CB65-3D6D-47A1-AD36-775748BE9D5B}.Debug|x86.ActiveCfg = Debug|Any CPU
		{8561CB65-3D6D-47A1-AD36-775748BE9D5B}.Debug|x86.Build.0 = Debug|Any CPU
		{8561CB65-3D6D-47A1-AD36-775748BE9D5B}.Release|Any CPU.ActiveCfg = Release|Any CPU
		{8561CB65-3D6D-47A1-AD36-775748BE9D5B}.Release|Any CPU.Build.0 = Release|Any CPU
		{8561CB65-3D6D-47A1-AD36-775748BE9D5B}.Release|x64.ActiveCfg = Release|Any CPU
		{8561CB65-3D6D-47A1-AD36-775748BE9D5B}.Release|x64.Build.0 = Release|Any CPU
		{8561CB65-3D6D-47A1-AD36-775748BE9D5B}.Release|x86.ActiveCfg = Release|Any CPU
		{8561CB65-3D6D-47A1-AD36-775748BE9D5B}.Release|x86.Build.0 = Release|Any CPU
		{4C2F6D2C-D41F-47CB-B2CB-EDB6DB45CA59}.Debug|Any CPU.ActiveCfg = Debug|Any CPU
		{4C2F6D2C-D41F-47CB-B2CB-EDB6DB45CA59}.Debug|Any CPU.Build.0 = Debug|Any CPU
		{4C2F6D2C-D41F-47CB-B2CB-EDB6DB45CA59}.Debug|x64.ActiveCfg = Debug|Any CPU
		{4C2F6D2C-D41F-47CB-B2CB-EDB6DB45CA59}.Debug|x64.Build.0 = Debug|Any CPU
		{4C2F6D2C-D41F-47CB-B2CB-EDB6DB45CA59}.Debug|x86.ActiveCfg = Debug|Any CPU
		{4C2F6D2C-D41F-47CB-B2CB-EDB6DB45CA59}.Debug|x86.Build.0 = Debug|Any CPU
		{4C2F6D2C-D41F-47CB-B2CB-EDB6DB45CA59}.Release|Any CPU.ActiveCfg = Release|Any CPU
		{4C2F6D2C-D41F-47CB-B2CB-EDB6DB45CA59}.Release|Any CPU.Build.0 = Release|Any CPU
		{4C2F6D2C-D41F-47CB-B2CB-EDB6DB45CA59}.Release|x64.ActiveCfg = Release|Any CPU
		{4C2F6D2C-D41F-47CB-B2CB-EDB6DB45CA59}.Release|x64.Build.0 = Release|Any CPU
		{4C2F6D2C-D41F-47CB-B2CB-EDB6DB45CA59}.Release|x86.ActiveCfg = Release|Any CPU
		{4C2F6D2C-D41F-47CB-B2CB-EDB6DB45CA59}.Release|x86.Build.0 = Release|Any CPU
		{E80AE651-BFED-4FAC-BE9E-DD450C90EA66}.Debug|Any CPU.ActiveCfg = Debug|Any CPU
		{E80AE651-BFED-4FAC-BE9E-DD450C90EA66}.Debug|Any CPU.Build.0 = Debug|Any CPU
		{E80AE651-BFED-4FAC-BE9E-DD450C90EA66}.Debug|x64.ActiveCfg = Debug|Any CPU
		{E80AE651-BFED-4FAC-BE9E-DD450C90EA66}.Debug|x64.Build.0 = Debug|Any CPU
		{E80AE651-BFED-4FAC-BE9E-DD450C90EA66}.Debug|x86.ActiveCfg = Debug|Any CPU
		{E80AE651-BFED-4FAC-BE9E-DD450C90EA66}.Debug|x86.Build.0 = Debug|Any CPU
		{E80AE651-BFED-4FAC-BE9E-DD450C90EA66}.Release|Any CPU.ActiveCfg = Release|Any CPU
		{E80AE651-BFED-4FAC-BE9E-DD450C90EA66}.Release|Any CPU.Build.0 = Release|Any CPU
		{E80AE651-BFED-4FAC-BE9E-DD450C90EA66}.Release|x64.ActiveCfg = Release|Any CPU
		{E80AE651-BFED-4FAC-BE9E-DD450C90EA66}.Release|x64.Build.0 = Release|Any CPU
		{E80AE651-BFED-4FAC-BE9E-DD450C90EA66}.Release|x86.ActiveCfg = Release|Any CPU
		{E80AE651-BFED-4FAC-BE9E-DD450C90EA66}.Release|x86.Build.0 = Release|Any CPU
		{A79CF675-14B3-491D-8971-621477F90FC1}.Debug|Any CPU.ActiveCfg = Debug|Any CPU
		{A79CF675-14B3-491D-8971-621477F90FC1}.Debug|Any CPU.Build.0 = Debug|Any CPU
		{A79CF675-14B3-491D-8971-621477F90FC1}.Debug|x64.ActiveCfg = Debug|x64
		{A79CF675-14B3-491D-8971-621477F90FC1}.Debug|x64.Build.0 = Debug|x64
		{A79CF675-14B3-491D-8971-621477F90FC1}.Debug|x86.ActiveCfg = Debug|x86
		{A79CF675-14B3-491D-8971-621477F90FC1}.Debug|x86.Build.0 = Debug|x86
		{A79CF675-14B3-491D-8971-621477F90FC1}.Release|Any CPU.ActiveCfg = Release|Any CPU
		{A79CF675-14B3-491D-8971-621477F90FC1}.Release|Any CPU.Build.0 = Release|Any CPU
		{A79CF675-14B3-491D-8971-621477F90FC1}.Release|x64.ActiveCfg = Release|x64
		{A79CF675-14B3-491D-8971-621477F90FC1}.Release|x64.Build.0 = Release|x64
		{A79CF675-14B3-491D-8971-621477F90FC1}.Release|x86.ActiveCfg = Release|x86
		{A79CF675-14B3-491D-8971-621477F90FC1}.Release|x86.Build.0 = Release|x86
		{8951033E-9FC3-4C3B-ABA6-DC00B9BBE4BF}.Debug|Any CPU.ActiveCfg = Debug|Any CPU
		{8951033E-9FC3-4C3B-ABA6-DC00B9BBE4BF}.Debug|Any CPU.Build.0 = Debug|Any CPU
		{8951033E-9FC3-4C3B-ABA6-DC00B9BBE4BF}.Debug|x64.ActiveCfg = Debug|x64
		{8951033E-9FC3-4C3B-ABA6-DC00B9BBE4BF}.Debug|x64.Build.0 = Debug|x64
		{8951033E-9FC3-4C3B-ABA6-DC00B9BBE4BF}.Debug|x86.ActiveCfg = Debug|x86
		{8951033E-9FC3-4C3B-ABA6-DC00B9BBE4BF}.Debug|x86.Build.0 = Debug|x86
		{8951033E-9FC3-4C3B-ABA6-DC00B9BBE4BF}.Release|Any CPU.ActiveCfg = Release|Any CPU
		{8951033E-9FC3-4C3B-ABA6-DC00B9BBE4BF}.Release|Any CPU.Build.0 = Release|Any CPU
		{8951033E-9FC3-4C3B-ABA6-DC00B9BBE4BF}.Release|x64.ActiveCfg = Release|x64
		{8951033E-9FC3-4C3B-ABA6-DC00B9BBE4BF}.Release|x64.Build.0 = Release|x64
		{8951033E-9FC3-4C3B-ABA6-DC00B9BBE4BF}.Release|x86.ActiveCfg = Release|x86
		{8951033E-9FC3-4C3B-ABA6-DC00B9BBE4BF}.Release|x86.Build.0 = Release|x86
		{4F8773E7-5BE3-465E-AE1D-50C2138D76B7}.Debug|Any CPU.ActiveCfg = Debug|Any CPU
		{4F8773E7-5BE3-465E-AE1D-50C2138D76B7}.Debug|Any CPU.Build.0 = Debug|Any CPU
		{4F8773E7-5BE3-465E-AE1D-50C2138D76B7}.Debug|x64.ActiveCfg = Debug|x64
		{4F8773E7-5BE3-465E-AE1D-50C2138D76B7}.Debug|x64.Build.0 = Debug|x64
		{4F8773E7-5BE3-465E-AE1D-50C2138D76B7}.Debug|x86.ActiveCfg = Debug|x86
		{4F8773E7-5BE3-465E-AE1D-50C2138D76B7}.Debug|x86.Build.0 = Debug|x86
		{4F8773E7-5BE3-465E-AE1D-50C2138D76B7}.Release|Any CPU.ActiveCfg = Release|Any CPU
		{4F8773E7-5BE3-465E-AE1D-50C2138D76B7}.Release|Any CPU.Build.0 = Release|Any CPU
		{4F8773E7-5BE3-465E-AE1D-50C2138D76B7}.Release|x64.ActiveCfg = Release|x64
		{4F8773E7-5BE3-465E-AE1D-50C2138D76B7}.Release|x64.Build.0 = Release|x64
		{4F8773E7-5BE3-465E-AE1D-50C2138D76B7}.Release|x86.ActiveCfg = Release|x86
		{4F8773E7-5BE3-465E-AE1D-50C2138D76B7}.Release|x86.Build.0 = Release|x86
		{B5B306F7-A842-4C6E-81C6-1EC60E683883}.Debug|Any CPU.ActiveCfg = Debug|Any CPU
		{B5B306F7-A842-4C6E-81C6-1EC60E683883}.Debug|Any CPU.Build.0 = Debug|Any CPU
		{B5B306F7-A842-4C6E-81C6-1EC60E683883}.Debug|x64.ActiveCfg = Debug|x64
		{B5B306F7-A842-4C6E-81C6-1EC60E683883}.Debug|x64.Build.0 = Debug|x64
		{B5B306F7-A842-4C6E-81C6-1EC60E683883}.Debug|x86.ActiveCfg = Debug|x86
		{B5B306F7-A842-4C6E-81C6-1EC60E683883}.Debug|x86.Build.0 = Debug|x86
		{B5B306F7-A842-4C6E-81C6-1EC60E683883}.Release|Any CPU.ActiveCfg = Release|Any CPU
		{B5B306F7-A842-4C6E-81C6-1EC60E683883}.Release|Any CPU.Build.0 = Release|Any CPU
		{B5B306F7-A842-4C6E-81C6-1EC60E683883}.Release|x64.ActiveCfg = Release|x64
		{B5B306F7-A842-4C6E-81C6-1EC60E683883}.Release|x64.Build.0 = Release|x64
		{B5B306F7-A842-4C6E-81C6-1EC60E683883}.Release|x86.ActiveCfg = Release|x86
		{B5B306F7-A842-4C6E-81C6-1EC60E683883}.Release|x86.Build.0 = Release|x86
		{851220C4-142E-428C-B8FB-64CD35D4ED89}.Debug|Any CPU.ActiveCfg = Debug|Any CPU
		{851220C4-142E-428C-B8FB-64CD35D4ED89}.Debug|Any CPU.Build.0 = Debug|Any CPU
		{851220C4-142E-428C-B8FB-64CD35D4ED89}.Debug|x64.ActiveCfg = Debug|Any CPU
		{851220C4-142E-428C-B8FB-64CD35D4ED89}.Debug|x64.Build.0 = Debug|Any CPU
		{851220C4-142E-428C-B8FB-64CD35D4ED89}.Debug|x86.ActiveCfg = Debug|Any CPU
		{851220C4-142E-428C-B8FB-64CD35D4ED89}.Debug|x86.Build.0 = Debug|Any CPU
		{851220C4-142E-428C-B8FB-64CD35D4ED89}.Release|Any CPU.ActiveCfg = Release|Any CPU
		{851220C4-142E-428C-B8FB-64CD35D4ED89}.Release|Any CPU.Build.0 = Release|Any CPU
		{851220C4-142E-428C-B8FB-64CD35D4ED89}.Release|x64.ActiveCfg = Release|Any CPU
		{851220C4-142E-428C-B8FB-64CD35D4ED89}.Release|x64.Build.0 = Release|Any CPU
		{851220C4-142E-428C-B8FB-64CD35D4ED89}.Release|x86.ActiveCfg = Release|Any CPU
		{851220C4-142E-428C-B8FB-64CD35D4ED89}.Release|x86.Build.0 = Release|Any CPU
	EndGlobalSection
	GlobalSection(SolutionProperties) = preSolution
		HideSolutionNode = FALSE
	EndGlobalSection
	GlobalSection(NestedProjects) = preSolution
		{6E91F5BD-C659-4622-B9C0-E53A2C68AA0F} = {827E0CD3-B72D-47B6-A68D-7590B98EB39B}
		{5C4423A6-1B5D-1618-0FBE-D4F5ED32F1FA} = {6C4D298B-81FB-2B6B-5AB6-46205EDDC72C}
		{47BF3AB0-D4B1-7B10-EC85-8482A2E24421} = {5C4423A6-1B5D-1618-0FBE-D4F5ED32F1FA}
		{923710A9-8944-451E-B787-E47A971BF69B} = {47BF3AB0-D4B1-7B10-EC85-8482A2E24421}
		{B5E4F7D6-A090-B2FB-0B36-50F4CA8686ED} = {6C4D298B-81FB-2B6B-5AB6-46205EDDC72C}
		{FCE7191B-A2F3-85EA-960E-FCC62A308BC6} = {B5E4F7D6-A090-B2FB-0B36-50F4CA8686ED}
		{22F4D368-B431-4D2B-BD3D-DA5A9486F27E} = {FCE7191B-A2F3-85EA-960E-FCC62A308BC6}
		{44BB52E5-EA8D-4DA9-9E25-2A07F7B5A8F8} = {827E0CD3-B72D-47B6-A68D-7590B98EB39B}
		{F406C1BE-FEF3-4137-8227-8BE788CB78B3} = {827E0CD3-B72D-47B6-A68D-7590B98EB39B}
		{FC8B668C-53C4-4E27-8D6D-DE05A14A2BEF} = {827E0CD3-B72D-47B6-A68D-7590B98EB39B}
		{69F64CA9-B487-B0A9-44E0-2CAF9FB0437F} = {6C4D298B-81FB-2B6B-5AB6-46205EDDC72C}
		{3B45A6BC-E702-82A9-BA5B-D71303C3ADD7} = {69F64CA9-B487-B0A9-44E0-2CAF9FB0437F}
		{E8FC7780-34A9-4E1B-8AEA-C4F683716AE9} = {3B45A6BC-E702-82A9-BA5B-D71303C3ADD7}
		{F18612E0-2F5D-487A-A45B-AAA4C701BB25} = {3B45A6BC-E702-82A9-BA5B-D71303C3ADD7}
		{F16B685D-E110-48F8-B68E-9956E4466193} = {3B45A6BC-E702-82A9-BA5B-D71303C3ADD7}
		{D79A63CD-29FD-4DA0-B95E-9D7381C18ED3} = {3B45A6BC-E702-82A9-BA5B-D71303C3ADD7}
		{FFCBFA57-DFB0-4ADB-9AA6-7F6A2FF93E66} = {3B45A6BC-E702-82A9-BA5B-D71303C3ADD7}
		{EFF4F401-A5EC-45D1-8BA2-9ACAA9FD4EA9} = {3B45A6BC-E702-82A9-BA5B-D71303C3ADD7}
		{EFAD5F8F-F0D3-43A4-8CD6-AC54BD2C152B} = {3B45A6BC-E702-82A9-BA5B-D71303C3ADD7}
		{3532CBF3-31F5-4542-86F4-CC06C8D2E410} = {3B45A6BC-E702-82A9-BA5B-D71303C3ADD7}
		{C8435F73-6FD3-44F4-A25A-5BC1AA16D6CE} = {3B45A6BC-E702-82A9-BA5B-D71303C3ADD7}
		{8559E401-9B7F-4698-9D85-BB8F32EC94B2} = {3B45A6BC-E702-82A9-BA5B-D71303C3ADD7}
		{21DEB841-5DD3-4AF2-AFB0-1E8BEA5A1C77} = {3B45A6BC-E702-82A9-BA5B-D71303C3ADD7}
		{43CACCDA-2067-49FC-B7DD-6185C5C1FBAF} = {3B45A6BC-E702-82A9-BA5B-D71303C3ADD7}
		{40967D6C-C2A0-470F-9723-79DFDCCC31F2} = {3B45A6BC-E702-82A9-BA5B-D71303C3ADD7}
		{2E9939B3-9CBE-45D5-BA19-431FACE91007} = {3B45A6BC-E702-82A9-BA5B-D71303C3ADD7}
		{1C900D2F-6BB0-4C25-8101-08C940414699} = {3B45A6BC-E702-82A9-BA5B-D71303C3ADD7}
		{6B1F4476-BCDA-4315-ACD3-C0B2FD77C77B} = {3B45A6BC-E702-82A9-BA5B-D71303C3ADD7}
		{961E2679-2E54-42CA-A97D-5815145A0E36} = {3B45A6BC-E702-82A9-BA5B-D71303C3ADD7}
		{21B6845D-DD50-4BB0-B7C2-924E5BE8726A} = {3B45A6BC-E702-82A9-BA5B-D71303C3ADD7}
		{8561CB65-3D6D-47A1-AD36-775748BE9D5B} = {3B45A6BC-E702-82A9-BA5B-D71303C3ADD7}
		{4C2F6D2C-D41F-47CB-B2CB-EDB6DB45CA59} = {3B45A6BC-E702-82A9-BA5B-D71303C3ADD7}
		{E80AE651-BFED-4FAC-BE9E-DD450C90EA66} = {3B45A6BC-E702-82A9-BA5B-D71303C3ADD7}
		{A79CF675-14B3-491D-8971-621477F90FC1} = {47BF3AB0-D4B1-7B10-EC85-8482A2E24421}
		{8951033E-9FC3-4C3B-ABA6-DC00B9BBE4BF} = {47BF3AB0-D4B1-7B10-EC85-8482A2E24421}
		{4F8773E7-5BE3-465E-AE1D-50C2138D76B7} = {47BF3AB0-D4B1-7B10-EC85-8482A2E24421}
		{B5B306F7-A842-4C6E-81C6-1EC60E683883} = {47BF3AB0-D4B1-7B10-EC85-8482A2E24421}
		{851220C4-142E-428C-B8FB-64CD35D4ED89} = {FCE7191B-A2F3-85EA-960E-FCC62A308BC6}
	EndGlobalSection
EndGlobal
